
Microsoft Visual Studio Solution File, Format Version 12.00
# Visual Studio Version 17
VisualStudioVersion = 17.3.32901.215
MinimumVisualStudioVersion = 10.0.40219.1
Project("{9A19103F-16F7-4668-BE54-9A1E7A4F7556}") = "TFG.Assessment.Api", "TFG.Assessment.Api\TFG.Assessment.Api.csproj", "{3E248872-9BB0-4409-AD20-1B42DA195B50}"
EndProject
Project("{9A19103F-16F7-4668-BE54-9A1E7A4F7556}") = "TFG.Assessment.Domain", "TFG.Assessment.Domain\TFG.Assessment.Domain.csproj", "{03DFB1D5-4ED7-4176-AE76-3F6A07B1D4D1}"
EndProject
Project("{9A19103F-16F7-4668-BE54-9A1E7A4F7556}") = "TFG.Assesment.Api.Tests", "TFG.Assesment.Api.Tests\TFG.Assesment.Api.Tests.csproj", "{83B2A871-1C0C-4E7D-83C8-F242290DD981}"
EndProject
Project("{9A19103F-16F7-4668-BE54-9A1E7A4F7556}") = "TFG.Assessment.EFCore", "TFG.Assessment.EFCore\TFG.Assessment.EFCore.csproj", "{AB9BAE94-9170-488D-B9CD-9A8B0F6F085E}"
EndProject
Global
	GlobalSection(SolutionConfigurationPlatforms) = preSolution
		Debug|Any CPU = Debug|Any CPU
		Release|Any CPU = Release|Any CPU
	EndGlobalSection
	GlobalSection(ProjectConfigurationPlatforms) = postSolution
		{3E248872-9BB0-4409-AD20-1B42DA195B50}.Debug|Any CPU.ActiveCfg = Debug|Any CPU
		{3E248872-9BB0-4409-AD20-1B42DA195B50}.Debug|Any CPU.Build.0 = Debug|Any CPU
		{3E248872-9BB0-4409-AD20-1B42DA195B50}.Release|Any CPU.ActiveCfg = Release|Any CPU
		{3E248872-9BB0-4409-AD20-1B42DA195B50}.Release|Any CPU.Build.0 = Release|Any CPU
		{03DFB1D5-4ED7-4176-AE76-3F6A07B1D4D1}.Debug|Any CPU.ActiveCfg = Debug|Any CPU
		{03DFB1D5-4ED7-4176-AE76-3F6A07B1D4D1}.Debug|Any CPU.Build.0 = Debug|Any CPU
		{03DFB1D5-4ED7-4176-AE76-3F6A07B1D4D1}.Release|Any CPU.ActiveCfg = Release|Any CPU
		{03DFB1D5-4ED7-4176-AE76-3F6A07B1D4D1}.Release|Any CPU.Build.0 = Release|Any CPU
		{83B2A871-1C0C-4E7D-83C8-F242290DD981}.Debug|Any CPU.ActiveCfg = Debug|Any CPU
		{83B2A871-1C0C-4E7D-83C8-F242290DD981}.Debug|Any CPU.Build.0 = Debug|Any CPU
		{83B2A871-1C0C-4E7D-83C8-F242290DD981}.Release|Any CPU.ActiveCfg = Release|Any CPU
		{83B2A871-1C0C-4E7D-83C8-F242290DD981}.Release|Any CPU.Build.0 = Release|Any CPU
		{AB9BAE94-9170-488D-B9CD-9A8B0F6F085E}.Debug|Any CPU.ActiveCfg = Debug|Any CPU
		{AB9BAE94-9170-488D-B9CD-9A8B0F6F085E}.Debug|Any CPU.Build.0 = Debug|Any CPU
		{AB9BAE94-9170-488D-B9CD-9A8B0F6F085E}.Release|Any CPU.ActiveCfg = Release|Any CPU
		{AB9BAE94-9170-488D-B9CD-9A8B0F6F085E}.Release|Any CPU.Build.0 = Release|Any CPU
	EndGlobalSection
	GlobalSection(SolutionProperties) = preSolution
		HideSolutionNode = FALSE
	EndGlobalSection
	GlobalSection(ExtensibilityGlobals) = postSolution
		SolutionGuid = {4B7A4E3B-061D-4E68-9415-056B6C9D0B19}
	EndGlobalSection
EndGlobal
